{
    "_readme": [
        "This file locks the dependencies of your project to a known state",
        "Read more about it at https://getcomposer.org/doc/01-basic-usage.md#composer-lock-the-lock-file",
        "This file is @generated automatically"
    ],
    "content-hash": "5fec91f2fdd8b8a774c77c237ac34fb7",
    "packages": [
        {
            "name": "mikecao/flight",
            "version": "v1.3.2",
            "source": {
                "type": "git",
                "url": "https://github.com/mikecao/flight.git",
                "reference": "c3c6f689099937e6e4ecf25b7fe8c780df1500f9"
            },
            "dist": {
                "type": "zip",
                "url": "https://api.github.com/repos/mikecao/flight/zipball/c3c6f689099937e6e4ecf25b7fe8c780df1500f9",
                "reference": "c3c6f689099937e6e4ecf25b7fe8c780df1500f9",
                "shasum": ""
            },
            "require": {
                "php": ">=5.3.0"
            },
            "require-dev": {
                "phpunit/phpunit": "~4.6"
            },
            "type": "library",
            "autoload": {
                "files": [
                    "flight/autoload.php",
                    "flight/Flight.php"
                ]
            },
            "notification-url": "https://packagist.org/downloads/",
            "license": [
                "MIT"
            ],
            "authors": [
                {
                    "name": "Mike Cao",
                    "email": "mike@mikecao.com",
                    "homepage": "http://www.mikecao.com/",
                    "role": "Original Developer"
                }
            ],
            "description": "Flight is a fast, simple, extensible framework for PHP. Flight enables you to quickly and easily build RESTful web applications.",
            "homepage": "http://flightphp.com",
            "time": "2016-10-25T19:27:20+00:00"
        },
        {
            "name": "rlanvin/php-rrule",
            "version": "v1.5.1",
            "source": {
                "type": "git",
                "url": "https://github.com/rlanvin/php-rrule.git",
                "reference": "fa48bc4fa2fc7ce03254878f927697cc498fa152"
            },
            "dist": {
                "type": "zip",
                "url": "https://api.github.com/repos/rlanvin/php-rrule/zipball/fa48bc4fa2fc7ce03254878f927697cc498fa152",
                "reference": "fa48bc4fa2fc7ce03254878f927697cc498fa152",
                "shasum": ""
            },
            "require": {
                "php": ">=5.3.0"
            },
            "require-dev": {
                "phpunit/phpunit": "<6"
            },
            "suggest": {
                "ext-intl": "Intl extension is needed for humanReadable()"
            },
            "type": "library",
            "autoload": {
                "psr-4": {
                    "RRule\\": "src/"
                }
            },
            "notification-url": "https://packagist.org/downloads/",
            "license": [
                "MIT"
            ],
            "description": "Lightweight and fast recurrence rules for PHP (RFC 5545)",
            "homepage": "https://github.com/rlanvin/php-rrule",
            "keywords": [
                "date",
                "ical",
                "recurrence",
                "recurring",
                "rrule"
            ],
            "time": "2017-05-15T09:14:37+00:00"
        }
    ],
    "packages-dev": [],
    "aliases": [],
    "minimum-stability": "stable",
    "stability-flags": [],
    "prefer-stable": false,
    "prefer-lowest": false,
    "platform": [],
    "platform-dev": []
}
